// !$*UTF8*$!
{
	archiveVersion = 1;
	classes = {
	};
	objectVersion = 48;
	objects = {

/* Begin PBXBuildFile section */
		4ABF495B20420B1600B9E184 /* AppDelegate.swift in Sources */ = {isa = PBXBuildFile; fileRef = 4ABF495A20420B1600B9E184 /* AppDelegate.swift */; };
		4ABF495D20420B1600B9E184 /* ViewController.swift in Sources */ = {isa = PBXBuildFile; fileRef = 4ABF495C20420B1600B9E184 /* ViewController.swift */; };
		4ABF496220420B1600B9E184 /* Assets.xcassets in Resources */ = {isa = PBXBuildFile; fileRef = 4ABF496120420B1600B9E184 /* Assets.xcassets */; };
		4ABF496520420B1600B9E184 /* LaunchScreen.storyboard in Resources */ = {isa = PBXBuildFile; fileRef = 4ABF496320420B1600B9E184 /* LaunchScreen.storyboard */; };
		4ABF496D20420B6400B9E184 /* ELRevealViewController.swift in Sources */ = {isa = PBXBuildFile; fileRef = 4ABF496C20420B6400B9E184 /* ELRevealViewController.swift */; };
		4ABF496F20420EF300B9E184 /* MainVC.swift in Sources */ = {isa = PBXBuildFile; fileRef = 4ABF496E20420EF300B9E184 /* MainVC.swift */; };
		4ABF49712042101100B9E184 /* LeftRevealVC.swift in Sources */ = {isa = PBXBuildFile; fileRef = 4ABF49702042101100B9E184 /* LeftRevealVC.swift */; };
		4ABF49732042ADE400B9E184 /* Main.storyboard in Resources */ = {isa = PBXBuildFile; fileRef = 4ABF49722042ADE400B9E184 /* Main.storyboard */; };
/* End PBXBuildFile section */

/* Begin PBXFileReference section */
		4ABF495720420B1600B9E184 /* ELRevealViewControllerDevelopment.app */ = {isa = PBXFileReference; explicitFileType = wrapper.application; includeInIndex = 0; path = ELRevealViewControllerDevelopment.app; sourceTree = BUILT_PRODUCTS_DIR; };
		4ABF495A20420B1600B9E184 /* AppDelegate.swift */ = {isa = PBXFileReference; lastKnownFileType = sourcecode.swift; path = AppDelegate.swift; sourceTree = "<group>"; };
		4ABF495C20420B1600B9E184 /* ViewController.swift */ = {isa = PBXFileReference; lastKnownFileType = sourcecode.swift; path = ViewController.swift; sourceTree = "<group>"; };
		4ABF496120420B1600B9E184 /* Assets.xcassets */ = {isa = PBXFileReference; lastKnownFileType = folder.assetcatalog; path = Assets.xcassets; sourceTree = "<group>"; };
		4ABF496420420B1600B9E184 /* Base */ = {isa = PBXFileReference; lastKnownFileType = file.storyboard; name = Base; path = Base.lproj/LaunchScreen.storyboard; sourceTree = "<group>"; };
		4ABF496620420B1600B9E184 /* Info.plist */ = {isa = PBXFileReference; lastKnownFileType = text.plist.xml; path = Info.plist; sourceTree = "<group>"; };
		4ABF496C20420B6400B9E184 /* ELRevealViewController.swift */ = {isa = PBXFileReference; fileEncoding = 4; lastKnownFileType = sourcecode.swift; path = ELRevealViewController.swift; sourceTree = "<group>"; };
		4ABF496E20420EF300B9E184 /* MainVC.swift */ = {isa = PBXFileReference; lastKnownFileType = sourcecode.swift; path = MainVC.swift; sourceTree = "<group>"; };
		4ABF49702042101100B9E184 /* LeftRevealVC.swift */ = {isa = PBXFileReference; lastKnownFileType = sourcecode.swift; path = LeftRevealVC.swift; sourceTree = "<group>"; };
		4ABF49722042ADE400B9E184 /* Main.storyboard */ = {isa = PBXFileReference; lastKnownFileType = file.storyboard; path = Main.storyboard; sourceTree = "<group>"; };
/* End PBXFileReference section */

/* Begin PBXFrameworksBuildPhase section */
		4ABF495420420B1600B9E184 /* Frameworks */ = {
			isa = PBXFrameworksBuildPhase;
			buildActionMask = 2147483647;
			files = (
			);
			runOnlyForDeploymentPostprocessing = 0;
		};
/* End PBXFrameworksBuildPhase section */

/* Begin PBXGroup section */
		4ABF494E20420B1600B9E184 = {
			isa = PBXGroup;
			children = (
				4ABF495920420B1600B9E184 /* ELRevealViewControllerDevelopment */,
				4ABF495820420B1600B9E184 /* Products */,
			);
			sourceTree = "<group>";
		};
		4ABF495820420B1600B9E184 /* Products */ = {
			isa = PBXGroup;
			children = (
				4ABF495720420B1600B9E184 /* ELRevealViewControllerDevelopment.app */,
			);
			name = Products;
			sourceTree = "<group>";
		};
		4ABF495920420B1600B9E184 /* ELRevealViewControllerDevelopment */ = {
			isa = PBXGroup;
			children = (
				4ABF495A20420B1600B9E184 /* AppDelegate.swift */,
				4ABF495C20420B1600B9E184 /* ViewController.swift */,
				4ABF496C20420B6400B9E184 /* ELRevealViewController.swift */,
				4ABF49722042ADE400B9E184 /* Main.storyboard */,
				4ABF496120420B1600B9E184 /* Assets.xcassets */,
				4ABF496320420B1600B9E184 /* LaunchScreen.storyboard */,
				4ABF496620420B1600B9E184 /* Info.plist */,
				4ABF496E20420EF300B9E184 /* MainVC.swift */,
				4ABF49702042101100B9E184 /* LeftRevealVC.swift */,
			);
			path = ELRevealViewControllerDevelopment;
			sourceTree = "<group>";
		};
/* End PBXGroup section */

/* Begin PBXNativeTarget section */
		4ABF495620420B1600B9E184 /* ELRevealViewControllerDevelopment */ = {
			isa = PBXNativeTarget;
			buildConfigurationList = 4ABF496920420B1600B9E184 /* Build configuration list for PBXNativeTarget "ELRevealViewControllerDevelopment" */;
			buildPhases = (
				4ABF495320420B1600B9E184 /* Sources */,
				4ABF495420420B1600B9E184 /* Frameworks */,
				4ABF495520420B1600B9E184 /* Resources */,
			);
			buildRules = (
			);
			dependencies = (
			);
			name = ELRevealViewControllerDevelopment;
			productName = ELRevealViewControllerDevelopment;
			productReference = 4ABF495720420B1600B9E184 /* ELRevealViewControllerDevelopment.app */;
			productType = "com.apple.product-type.application";
		};
/* End PBXNativeTarget section */

/* Begin PBXProject section */
		4ABF494F20420B1600B9E184 /* Project object */ = {
			isa = PBXProject;
			attributes = {
				LastSwiftUpdateCheck = 0920;
				LastUpgradeCheck = 0920;
				ORGANIZATIONNAME = Emilsen;
				TargetAttributes = {
					4ABF495620420B1600B9E184 = {
						CreatedOnToolsVersion = 9.2;
						ProvisioningStyle = Automatic;
					};
				};
			};
			buildConfigurationList = 4ABF495220420B1600B9E184 /* Build configuration list for PBXProject "ELRevealViewControllerDevelopment" */;
			compatibilityVersion = "Xcode 8.0";
			developmentRegion = en;
			hasScannedForEncodings = 0;
			knownRegions = (
				en,
				Base,
			);
			mainGroup = 4ABF494E20420B1600B9E184;
			productRefGroup = 4ABF495820420B1600B9E184 /* Products */;
			projectDirPath = "";
			projectRoot = "";
			targets = (
				4ABF495620420B1600B9E184 /* ELRevealViewControllerDevelopment */,
			);
		};
/* End PBXProject section */

/* Begin PBXResourcesBuildPhase section */
		4ABF495520420B1600B9E184 /* Resources */ = {
			isa = PBXResourcesBuildPhase;
			buildActionMask = 2147483647;
			files = (
				4ABF49732042ADE400B9E184 /* Main.storyboard in Resources */,
				4ABF496520420B1600B9E184 /* LaunchScreen.storyboard in Resources */,
				4ABF496220420B1600B9E184 /* Assets.xcassets in Resources */,
			);
			runOnlyForDeploymentPostprocessing = 0;
		};
/* End PBXResourcesBuildPhase section */

/* Begin PBXSourcesBuildPhase section */
		4ABF495320420B1600B9E184 /* Sources */ = {
			isa = PBXSourcesBuildPhase;
			buildActionMask = 2147483647;
			files = (
				4ABF495D20420B1600B9E184 /* ViewController.swift in Sources */,
				4ABF49712042101100B9E184 /* LeftRevealVC.swift in Sources */,
				4ABF496F20420EF300B9E184 /* MainVC.swift in Sources */,
				4ABF495B20420B1600B9E184 /* AppDelegate.swift in Sources */,
				4ABF496D20420B6400B9E184 /* ELRevealViewController.swift in Sources */,
			);
			runOnlyForDeploymentPostprocessing = 0;
		};
/* End PBXSourcesBuildPhase section */

/* Begin PBXVariantGroup section */
		4ABF496320420B1600B9E184 /* LaunchScreen.storyboard */ = {
			isa = PBXVariantGroup;
			children = (
				4ABF496420420B1600B9E184 /* Base */,
			);
			name = LaunchScreen.storyboard;
			sourceTree = "<group>";
		};
/* End PBXVariantGroup section */

/* Begin XCBuildConfiguration section */
		4ABF496720420B1600B9E184 /* Debug */ = {
			isa = XCBuildConfiguration;
			buildSettings = {
				ALWAYS_SEARCH_USER_PATHS = NO;
				CLANG_ANALYZER_NONNULL = YES;
				CLANG_ANALYZER_NUMBER_OBJECT_CONVERSION = YES_AGGRESSIVE;
				CLANG_CXX_LANGUAGE_STANDARD = "gnu++14";
				CLANG_CXX_LIBRARY = "libc++";
				CLANG_ENABLE_MODULES = YES;
				CLANG_ENABLE_OBJC_ARC = YES;
				CLANG_WARN_BLOCK_CAPTURE_AUTORELEASING = YES;
				CLANG_WARN_BOOL_CONVERSION = YES;
				CLANG_WARN_COMMA = YES;
				CLANG_WARN_CONSTANT_CONVERSION = YES;
				CLANG_WARN_DIRECT_OBJC_ISA_USAGE = YES_ERROR;
				CLANG_WARN_DOCUMENTATION_COMMENTS = YES;
				CLANG_WARN_EMPTY_BODY = YES;
				CLANG_WARN_ENUM_CONVERSION = YES;
				CLANG_WARN_INFINITE_RECURSION = YES;
				CLANG_WARN_INT_CONVERSION = YES;
				CLANG_WARN_NON_LITERAL_NULL_CONVERSION = YES;
				CLANG_WARN_OBJC_LITERAL_CONVERSION = YES;
				CLANG_WARN_OBJC_ROOT_CLASS = YES_ERROR;
				CLANG_WARN_RANGE_LOOP_ANALYSIS = YES;
				CLANG_WARN_STRICT_PROTOTYPES = YES;
				CLANG_WARN_SUSPICIOUS_MOVE = YES;
				CLANG_WARN_UNGUARDED_AVAILABILITY = YES_AGGRESSIVE;
				CLANG_WARN_UNREACHABLE_CODE = YES;
				CLANG_WARN__DUPLICATE_METHOD_MATCH = YES;
				CODE_SIGN_IDENTITY = "iPhone Developer";
				COPY_PHASE_STRIP = NO;
				DEBUG_INFORMATION_FORMAT = dwarf;
				ENABLE_STRICT_OBJC_MSGSEND = YES;
				ENABLE_TESTABILITY = YES;
				GCC_C_LANGUAGE_STANDARD = gnu11;
				GCC_DYNAMIC_NO_PIC = NO;
				GCC_NO_COMMON_BLOCKS = YES;
				GCC_OPTIMIZATION_LEVEL = 0;
				GCC_PREPROCESSOR_DEFINITIONS = (
					"DEBUG=1",
					"$(inherited)",
				);
				GCC_WARN_64_TO_32_BIT_CONVERSION = YES;
				GCC_WARN_ABOUT_RETURN_TYPE = YES_ERROR;
				GCC_WARN_UNDECLARED_SELECTOR = YES;
				GCC_WARN_UNINITIALIZED_AUTOS = YES_AGGRESSIVE;
				GCC_WARN_UNUSED_FUNCTION = YES;
				GCC_WARN_UNUSED_VARIABLE = YES;
				IPHONEOS_DEPLOYMENT_TARGET = 11.2;
				MTL_ENABLE_DEBUG_INFO = YES;
				ONLY_ACTIVE_ARCH = YES;
				SDKROOT = iphoneos;
				SWIFT_ACTIVE_COMPILATION_CONDITIONS = DEBUG;
				SWIFT_OPTIMIZATION_LEVEL = "-Onone";
			};
			name = Debug;
		};
		4ABF496820420B1600B9E184 /* Release */ = {
			isa = XCBuildConfiguration;
			buildSettings = {
				ALWAYS_SEARCH_USER_PATHS = NO;
				CLANG_ANALYZER_NONNULL = YES;
				CLANG_ANALYZER_NUMBER_OBJECT_CONVERSION = YES_AGGRESSIVE;
				CLANG_CXX_LANGUAGE_STANDARD = "gnu++14";
				CLANG_CXX_LIBRARY = "libc++";
				CLANG_ENABLE_MODULES = YES;
				CLANG_ENABLE_OBJC_ARC = YES;
				CLANG_WARN_BLOCK_CAPTURE_AUTORELEASING = YES;
				CLANG_WARN_BOOL_CONVERSION = YES;
				CLANG_WARN_COMMA = YES;
				CLANG_WARN_CONSTANT_CONVERSION = YES;
				CLANG_WARN_DIRECT_OBJC_ISA_USAGE = YES_ERROR;
				CLANG_WARN_DOCUMENTATION_COMMENTS = YES;
				CLANG_WARN_EMPTY_BODY = YES;
				CLANG_WARN_ENUM_CONVERSION = YES;
				CLANG_WARN_INFINITE_RECURSION = YES;
				CLANG_WARN_INT_CONVERSION = YES;
				CLANG_WARN_NON_LITERAL_NULL_CONVERSION = YES;
				CLANG_WARN_OBJC_LITERAL_CONVERSION = YES;
				CLANG_WARN_OBJC_ROOT_CLASS = YES_ERROR;
				CLANG_WARN_RANGE_LOOP_ANALYSIS = YES;
				CLANG_WARN_STRICT_PROTOTYPES = YES;
				CLANG_WARN_SUSPICIOUS_MOVE = YES;
				CLANG_WARN_UNGUARDED_AVAILABILITY = YES_AGGRESSIVE;
				CLANG_WARN_UNREACHABLE_CODE = YES;
				CLANG_WARN__DUPLICATE_METHOD_MATCH = YES;
				CODE_SIGN_IDENTITY = "iPhone Developer";
				COPY_PHASE_STRIP = NO;
				DEBUG_INFORMATION_FORMAT = "dwarf-with-dsym";
				ENABLE_NS_ASSERTIONS = NO;
				ENABLE_STRICT_OBJC_MSGSEND = YES;
				GCC_C_LANGUAGE_STANDARD = gnu11;
				GCC_NO_COMMON_BLOCKS = YES;
				GCC_WARN_64_TO_32_BIT_CONVERSION = YES;
				GCC_WARN_ABOUT_RETURN_TYPE = YES_ERROR;
				GCC_WARN_UNDECLARED_SELECTOR = YES;
				GCC_WARN_UNINITIALIZED_AUTOS = YES_AGGRESSIVE;
				GCC_WARN_UNUSED_FUNCTION = YES;
				GCC_WARN_UNUSED_VARIABLE = YES;
				IPHONEOS_DEPLOYMENT_TARGET = 11.2;
				MTL_ENABLE_DEBUG_INFO = NO;
				SDKROOT = iphoneos;
				SWIFT_OPTIMIZATION_LEVEL = "-Owholemodule";
				VALIDATE_PRODUCT = YES;
			};
			name = Release;
		};
		4ABF496A20420B1600B9E184 /* Debug */ = {
			isa = XCBuildConfiguration;
			buildSettings = {
				ASSETCATALOG_COMPILER_APPICON_NAME = AppIcon;
				CODE_SIGN_STYLE = Automatic;
				DEVELOPMENT_TEAM = QR2S7DZA96;
				INFOPLIST_FILE = ELRevealViewControllerDevelopment/Info.plist;
				IPHONEOS_DEPLOYMENT_TARGET = 9.0;
				LD_RUNPATH_SEARCH_PATHS = "$(inherited) @executable_path/Frameworks";
				PRODUCT_BUNDLE_IDENTIFIER = com.emilsen.ELRevealViewControllerDevelopment;
				PRODUCT_NAME = "$(TARGET_NAME)";
				SWIFT_VERSION = 4.0;
				TARGETED_DEVICE_FAMILY = "1,2";
			};
			name = Debug;
		};
		4ABF496B20420B1600B9E184 /* Release */ = {
			isa = XCBuildConfiguration;
			buildSettings = {
				ASSETCATALOG_COMPILER_APPICON_NAME = AppIcon;
				CODE_SIGN_STYLE = Automatic;
				DEVELOPMENT_TEAM = QR2S7DZA96;
				INFOPLIST_FILE = ELRevealViewControllerDevelopment/Info.plist;
				IPHONEOS_DEPLOYMENT_TARGET = 9.0;
				LD_RUNPATH_SEARCH_PATHS = "$(inherited) @executable_path/Frameworks";
				PRODUCT_BUNDLE_IDENTIFIER = com.emilsen.ELRevealViewControllerDevelopment;
				PRODUCT_NAME = "$(TARGET_NAME)";
				SWIFT_VERSION = 4.0;
				TARGETED_DEVICE_FAMILY = "1,2";
			};
			name = Release;
		};
/* End XCBuildConfiguration section */

/* Begin XCConfigurationList section */
		4ABF495220420B1600B9E184 /* Build configuration list for PBXProject "ELRevealViewControllerDevelopment" */ = {
			isa = XCConfigurationList;
			buildConfigurations = (
				4ABF496720420B1600B9E184 /* Debug */,
				4ABF496820420B1600B9E184 /* Release */,
			);
			defaultConfigurationIsVisible = 0;
			defaultConfigurationName = Release;
		};
		4ABF496920420B1600B9E184 /* Build configuration list for PBXNativeTarget "ELRevealViewControllerDevelopment" */ = {
			isa = XCConfigurationList;
			buildConfigurations = (
				4ABF496A20420B1600B9E184 /* Debug */,
				4ABF496B20420B1600B9E184 /* Release */,
			);
			defaultConfigurationIsVisible = 0;
			defaultConfigurationName = Release;
		};
/* End XCConfigurationList section */
	};
	rootObject = 4ABF494F20420B1600B9E184 /* Project object */;
}
